
Microsoft Visual Studio Solution File, Format Version 12.00
# Visual Studio Version 16
VisualStudioVersion = 16.0.29020.237
MinimumVisualStudioVersion = 10.0.40219.1
Project("{FAE04EC0-301F-11D3-BF4B-00C04F79EFBC}") = "CodeCampInitiative.Web", "CodeCampInitiative.Web\CodeCampInitiative.Web.csproj", "{43A4BA7B-62BB-4AE2-A6F3-4A06B8ADE0BB}"
EndProject
Project("{FAE04EC0-301F-11D3-BF4B-00C04F79EFBC}") = "CodeCampInitiative.Data", "CodeCampInitiative.Data\CodeCampInitiative.Data.csproj", "{948B7979-5AEC-4CA6-9AD6-799BFCD8627B}"
EndProject
Global
	GlobalSection(SolutionConfigurationPlatforms) = preSolution
		Debug|Any CPU = Debug|Any CPU
		Release|Any CPU = Release|Any CPU
	EndGlobalSection
	GlobalSection(ProjectConfigurationPlatforms) = postSolution
		{43A4BA7B-62BB-4AE2-A6F3-4A06B8ADE0BB}.Debug|Any CPU.ActiveCfg = Debug|Any CPU
		{43A4BA7B-62BB-4AE2-A6F3-4A06B8ADE0BB}.Debug|Any CPU.Build.0 = Debug|Any CPU
		{43A4BA7B-62BB-4AE2-A6F3-4A06B8ADE0BB}.Release|Any CPU.ActiveCfg = Release|Any CPU
		{43A4BA7B-62BB-4AE2-A6F3-4A06B8ADE0BB}.Release|Any CPU.Build.0 = Release|Any CPU
		{948B7979-5AEC-4CA6-9AD6-799BFCD8627B}.Debug|Any CPU.ActiveCfg = Debug|Any CPU
		{948B7979-5AEC-4CA6-9AD6-799BFCD8627B}.Debug|Any CPU.Build.0 = Debug|Any CPU
		{948B7979-5AEC-4CA6-9AD6-799BFCD8627B}.Release|Any CPU.ActiveCfg = Release|Any CPU
		{948B7979-5AEC-4CA6-9AD6-799BFCD8627B}.Release|Any CPU.Build.0 = Release|Any CPU
	EndGlobalSection
	GlobalSection(SolutionProperties) = preSolution
		HideSolutionNode = FALSE
	EndGlobalSection
	GlobalSection(ExtensibilityGlobals) = postSolution
		SolutionGuid = {08F31994-F81E-4918-87C1-61FEC2FF2ACB}
	EndGlobalSection
EndGlobal
